<?xml version="1.0" encoding="utf-8"?>
<Project ToolsVersion="4.0" xmlns="http://schemas.microsoft.com/developer/msbuild/2003">
  <ItemGroup>
    <Filter Include="Resource Files">
      <UniqueIdentifier>{38712199-cebf-4124-bf15-398f7c3419ea}</UniqueIdentifier>
      <Extensions>ico;cur;bmp;dlg;rc2;rct;bin;rgs;gif;jpg;jpeg;jpe</Extensions>
    </Filter>
    <Filter Include="lib">
      <UniqueIdentifier>{2dff4165-7888-4d9d-bf0d-04006f8ce6f2}</UniqueIdentifier>
    </Filter>
    <Filter Include="lib\FreeRTOS">
      <UniqueIdentifier>{af3445a1-4908-4170-89ed-39345d90d30c}</UniqueIdentifier>
    </Filter>
    <Filter Include="lib\FreeRTOS\Source">
      <UniqueIdentifier>{f32be356-4763-4cae-9020-974a2638cb08}</UniqueIdentifier>
      <Extensions>*.c</Extensions>
    </Filter>
    <Filter Include="lib\FreeRTOS\Source\Portable">
      <UniqueIdentifier>{88f409e6-d396-4ac5-94bd-7a99c914be46}</UniqueIdentifier>
    </Filter>
    <Filter Include="lib\FreeRTOS\Include">
      <UniqueIdentifier>{a60060e3-3949-4f60-b025-cb84164ae9ed}</UniqueIdentifier>
    </Filter>
    <Filter Include="platform">
      <UniqueIdentifier>{73c60b4a-5dc1-4652-886d-4e15d01975bc}</UniqueIdentifier>
    </Filter>
    <Filter Include="core">
      <UniqueIdentifier>{98f048ea-d67d-4637-afec-d4c0f282771b}</UniqueIdentifier>
    </Filter>
    <Filter Include="core\hdr">
      <UniqueIdentifier>{d368f802-a22e-4d26-b404-d8ac7f2e3c6f}</UniqueIdentifier>
    </Filter>
    <Filter Include="core\src">
      <UniqueIdentifier>{34567deb-d5ab-4a56-8640-0aaec609521a}</UniqueIdentifier>
      <Extensions>cpp;c;cxx;rc;def;r;odl;idl;hpj;bat</Extensions>
    </Filter>
    <Filter Include="platform\src">
      <UniqueIdentifier>{f2b1325e-4ba0-4b57-96e0-1d7efdb5202e}</UniqueIdentifier>
    </Filter>
    <Filter Include="platform\hdr">
      <UniqueIdentifier>{60334d38-bc50-42e0-ba97-1a4decf36031}</UniqueIdentifier>
    </Filter>
    <Filter Include="platform\src\drivers">
      <UniqueIdentifier>{05a118be-6696-463e-aa30-ef0e8abd0420}</UniqueIdentifier>
    </Filter>
    <Filter Include="lib\mystdio">
      <UniqueIdentifier>{b3a612ac-b509-408a-b178-6e1a669e3387}</UniqueIdentifier>
    </Filter>
    <Filter Include="lib\AsciiLib">
      <UniqueIdentifier>{40da60e4-a95c-4b28-a919-9a1d6089d18e}</UniqueIdentifier>
    </Filter>
    <Filter Include="lib\colorprint">
      <UniqueIdentifier>{c671dba8-8cd8-40ef-996e-bab89218e156}</UniqueIdentifier>
    </Filter>
    <Filter Include="core\src\screens">
      <UniqueIdentifier>{92e22cae-ec9e-4b1c-8499-8da5ef73e356}</UniqueIdentifier>
    </Filter>
    <Filter Include="core\hdr\screens">
      <UniqueIdentifier>{518cc4bf-36c3-4f29-9394-fa55c20c1334}</UniqueIdentifier>
    </Filter>
    <Filter Include="lib\eMIDI">
      <UniqueIdentifier>{e4f9d61a-814c-46de-833b-42c3c3cd14f2}</UniqueIdentifier>
    </Filter>
    <Filter Include="core\hdr\screens\player">
      <UniqueIdentifier>{30b62b30-6e06-40e6-a49d-0f8d30f63e13}</UniqueIdentifier>
    </Filter>
    <Filter Include="core\src\screens\FloppyOrgel">
      <UniqueIdentifier>{5f148912-6f6f-486d-83df-16bd4d65fe1a}</UniqueIdentifier>
    </Filter>
    <Filter Include="core\src\screens\FloppyOrgel\player">
      <UniqueIdentifier>{6645e7f4-6be9-418f-afab-8341dc8216af}</UniqueIdentifier>
    </Filter>
  </ItemGroup>
  <ItemGroup>
    <ClCompile Include="src\main.cpp">
      <Filter>platform\src</Filter>
    </ClCompile>
    <ClCompile Include="src\drivers\hardware.c">
      <Filter>platform\src\drivers</Filter>
    </ClCompile>
    <ClCompile Include="..\..\..\lib\mystdio\myprintf.c">
      <Filter>lib\mystdio</Filter>
    </ClCompile>
    <ClCompile Include="..\..\..\core\core_main.c">
      <Filter>core\src</Filter>
    </ClCompile>
    <ClCompile Include="..\..\..\lib\FreeRTOS\Source\croutine.c">
      <Filter>lib\FreeRTOS\Source</Filter>
    </ClCompile>
    <ClCompile Include="..\..\..\lib\FreeRTOS\Source\event_groups.c">
      <Filter>lib\FreeRTOS\Source</Filter>
    </ClCompile>
    <ClCompile Include="..\..\..\lib\FreeRTOS\Source\list.c">
      <Filter>lib\FreeRTOS\Source</Filter>
    </ClCompile>
    <ClCompile Include="..\..\..\lib\FreeRTOS\Source\queue.c">
      <Filter>lib\FreeRTOS\Source</Filter>
    </ClCompile>
    <ClCompile Include="..\..\..\lib\FreeRTOS\Source\tasks.c">
      <Filter>lib\FreeRTOS\Source</Filter>
    </ClCompile>
    <ClCompile Include="..\..\..\lib\FreeRTOS\Source\timers.c">
      <Filter>lib\FreeRTOS\Source</Filter>
    </ClCompile>
    <ClCompile Include="..\..\..\lib\FreeRTOS\Source\portable\MSVC-MingW\port.c">
      <Filter>lib\FreeRTOS\Source\Portable</Filter>
    </ClCompile>
    <ClCompile Include="..\..\..\core\display.c">
      <Filter>core\src</Filter>
    </ClCompile>
    <ClCompile Include="..\..\..\core\images.c">
      <Filter>core\src</Filter>
    </ClCompile>
    <ClCompile Include="..\..\..\lib\AsciiLib\AsciiLib.c">
      <Filter>lib\AsciiLib</Filter>
    </ClCompile>
    <ClCompile Include="..\..\..\core\SlotBasedMenu.c">
      <Filter>core\src</Filter>
    </ClCompile>
    <ClCompile Include="..\..\..\core\StackBasedFsm.c">
      <Filter>core\src</Filter>
    </ClCompile>
    <ClCompile Include="..\..\..\core\InputDevice.c">
      <Filter>core\src</Filter>
    </ClCompile>
    <ClCompile Include="..\..\..\lib\FreeRTOS\Source\portable\MemMang\heap_1.c">
      <Filter>lib\FreeRTOS\Source\Portable</Filter>
    </ClCompile>
    <ClCompile Include="..\..\..\core\screens\aboutscreen.c">
      <Filter>core\src\screens</Filter>
    </ClCompile>
    <ClCompile Include="..\..\..\core\screens\_examplescreen.c">
      <Filter>core\src\screens</Filter>
    </ClCompile>
    <ClCompile Include="..\..\..\core\screens\mainmenuscreen.c">
      <Filter>core\src\screens</Filter>
    </ClCompile>
    <ClCompile Include="src\platform_hooks.c">
      <Filter>platform\src</Filter>
    </ClCompile>
    <ClCompile Include="..\..\..\core\screens\imgtestscreen.c">
      <Filter>core\src\screens</Filter>
    </ClCompile>
    <ClCompile Include="..\..\..\core\lut.c">
      <Filter>core\src</Filter>
    </ClCompile>
    <ClCompile Include="..\..\..\lib\eMIDI\src\helpers.c">
      <Filter>lib\eMIDI</Filter>
    </ClCompile>
    <ClCompile Include="..\..\..\lib\eMIDI\src\midifile.c">
      <Filter>lib\eMIDI</Filter>
    </ClCompile>
    <ClCompile Include="..\..\..\core\screens\playermenuscreen.c">
      <Filter>core\src\screens\FloppyOrgel\player</Filter>
    </ClCompile>
    <ClCompile Include="..\..\..\core\screens\playerscreen.c">
      <Filter>core\src\screens\FloppyOrgel\player</Filter>
    </ClCompile>
    <ClCompile Include="..\..\..\lib\eMIDI\src\midiplayer.c">
      <Filter>lib\eMIDI</Filter>
    </ClCompile>
    <ClCompile Include="..\..\..\core\screens\skateboardscreen.c">
      <Filter>core\src\screens</Filter>
    </ClCompile>
    <ClCompile Include="..\..\..\lib\eMIDI\src\hal\emidi_windows.c">
      <Filter>lib\eMIDI</Filter>
    </ClCompile>
    <ClCompile Include="..\..\..\core\screens\floppyorgelscreen.c">
      <Filter>core\src\screens\FloppyOrgel</Filter>
    </ClCompile>
  </ItemGroup>
  <ItemGroup>
    <ClInclude Include="hdr\FreeRTOSConfig.h">
      <Filter>platform\hdr</Filter>
    </ClInclude>
    <ClInclude Include="..\..\..\lib\mystdio\mystdio.h">
      <Filter>lib\mystdio</Filter>
    </ClInclude>
    <ClInclude Include="..\..\..\lib\FreeRTOS\Source\include\croutine.h">
      <Filter>lib\FreeRTOS\Include</Filter>
    </ClInclude>
    <ClInclude Include="..\..\..\lib\FreeRTOS\Source\include\event_groups.h">
      <Filter>lib\FreeRTOS\Include</Filter>
    </ClInclude>
    <ClInclude Include="..\..\..\lib\FreeRTOS\Source\include\FreeRTOS.h">
      <Filter>lib\FreeRTOS\Include</Filter>
    </ClInclude>
    <ClInclude Include="..\..\..\lib\FreeRTOS\Source\include\list.h">
      <Filter>lib\FreeRTOS\Include</Filter>
    </ClInclude>
    <ClInclude Include="..\..\..\lib\FreeRTOS\Source\include\portable.h">
      <Filter>lib\FreeRTOS\Include</Filter>
    </ClInclude>
    <ClInclude Include="..\..\..\lib\FreeRTOS\Source\portable\MSVC-MingW\portmacro.h">
      <Filter>lib\FreeRTOS\Include</Filter>
    </ClInclude>
    <ClInclude Include="..\..\..\lib\FreeRTOS\Source\include\projdefs.h">
      <Filter>lib\FreeRTOS\Include</Filter>
    </ClInclude>
    <ClInclude Include="..\..\..\lib\FreeRTOS\Source\include\queue.h">
      <Filter>lib\FreeRTOS\Include</Filter>
    </ClInclude>
    <ClInclude Include="..\..\..\lib\FreeRTOS\Source\include\semphr.h">
      <Filter>lib\FreeRTOS\Include</Filter>
    </ClInclude>
    <ClInclude Include="..\..\..\lib\FreeRTOS\Source\include\task.h">
      <Filter>lib\FreeRTOS\Include</Filter>
    </ClInclude>
    <ClInclude Include="..\..\..\lib\FreeRTOS\Source\include\timers.h">
      <Filter>lib\FreeRTOS\Include</Filter>
    </ClInclude>
    <ClInclude Include="..\..\..\core\ucrtos.h">
      <Filter>core\hdr</Filter>
    </ClInclude>
    <ClInclude Include="..\..\..\core\display.h">
      <Filter>core\hdr</Filter>
    </ClInclude>
    <ClInclude Include="..\..\..\core\images.h">
      <Filter>core\hdr</Filter>
    </ClInclude>
    <ClInclude Include="..\..\..\lib\AsciiLib\AsciiLib.h">
      <Filter>lib\AsciiLib</Filter>
    </ClInclude>
    <ClInclude Include="..\..\..\core\StackBasedFsm.h">
      <Filter>core\hdr</Filter>
    </ClInclude>
    <ClInclude Include="..\..\..\core\SlotBasedMenu.h">
      <Filter>core\hdr</Filter>
    </ClInclude>
    <ClInclude Include="..\..\..\core\config.h">
      <Filter>core\hdr</Filter>
    </ClInclude>
    <ClInclude Include="..\..\..\lib\colorprint\colorprint.h">
      <Filter>lib\colorprint</Filter>
    </ClInclude>
    <ClInclude Include="..\..\..\core\InputDevice.h">
      <Filter>core\hdr</Filter>
    </ClInclude>
    <ClInclude Include="..\..\..\core\screens\_examplescreen.h">
      <Filter>core\hdr\screens</Filter>
    </ClInclude>
    <ClInclude Include="..\..\..\core\screens\aboutscreen.h">
      <Filter>core\hdr\screens</Filter>
    </ClInclude>
    <ClInclude Include="..\..\..\core\screens\mainmenuscreen.h">
      <Filter>core\hdr\screens</Filter>
    </ClInclude>
    <ClInclude Include="..\..\..\core\screens\imgtestscreen.h">
      <Filter>core\hdr\screens</Filter>
    </ClInclude>
    <ClInclude Include="..\..\..\core\lut.h">
      <Filter>core\hdr</Filter>
    </ClInclude>
    <ClInclude Include="..\..\..\lib\eMIDI\src\helpers.h">
      <Filter>lib\eMIDI</Filter>
    </ClInclude>
    <ClInclude Include="..\..\..\lib\eMIDI\src\midifile.h">
      <Filter>lib\eMIDI</Filter>
    </ClInclude>
    <ClInclude Include="..\..\..\core\screens\playercreen.h">
      <Filter>core\hdr\screens\player</Filter>
    </ClInclude>
    <ClInclude Include="..\..\..\core\screens\playermenuscreen.h">
      <Filter>core\hdr\screens\player</Filter>
    </ClInclude>
    <ClInclude Include="..\..\..\lib\eMIDI\src\midiplayer.h">
      <Filter>lib\eMIDI</Filter>
    </ClInclude>
    <ClInclude Include="..\..\..\lib\eMIDI\src\mybyteswap.h">
      <Filter>lib\eMIDI</Filter>
    </ClInclude>
    <ClInclude Include="..\..\..\core\screens\skateboardscreen.h">
      <Filter>core\hdr\screens</Filter>
    </ClInclude>
    <ClInclude Include="..\..\..\core\screens\floppyorgelscreen.h">
      <Filter>core\src\screens\FloppyOrgel</Filter>
    </ClInclude>
  </ItemGroup>
</Project>