<?xml version="1.0" encoding="utf-8"?>
<Project ToolsVersion="4.0" xmlns="http://schemas.microsoft.com/developer/msbuild/2003">
  <ItemGroup>
    <Filter Include="Resource Files">
      <UniqueIdentifier>{38712199-cebf-4124-bf15-398f7c3419ea}</UniqueIdentifier>
      <Extensions>ico;cur;bmp;dlg;rc2;rct;bin;rgs;gif;jpg;jpeg;jpe</Extensions>
    </Filter>
    <Filter Include="lib">
      <UniqueIdentifier>{2dff4165-7888-4d9d-bf0d-04006f8ce6f2}</UniqueIdentifier>
    </Filter>
    <Filter Include="lib\FreeRTOS">
      <UniqueIdentifier>{af3445a1-4908-4170-89ed-39345d90d30c}</UniqueIdentifier>
    </Filter>
    <Filter Include="lib\FreeRTOS\Source">
      <UniqueIdentifier>{f32be356-4763-4cae-9020-974a2638cb08}</UniqueIdentifier>
      <Extensions>*.c</Extensions>
    </Filter>
    <Filter Include="lib\FreeRTOS\Source\Portable">
      <UniqueIdentifier>{88f409e6-d396-4ac5-94bd-7a99c914be46}</UniqueIdentifier>
    </Filter>
    <Filter Include="lib\FreeRTOS\Include">
      <UniqueIdentifier>{a60060e3-3949-4f60-b025-cb84164ae9ed}</UniqueIdentifier>
    </Filter>
    <Filter Include="platform">
      <UniqueIdentifier>{73c60b4a-5dc1-4652-886d-4e15d01975bc}</UniqueIdentifier>
    </Filter>
    <Filter Include="core">
      <UniqueIdentifier>{98f048ea-d67d-4637-afec-d4c0f282771b}</UniqueIdentifier>
    </Filter>
    <Filter Include="core\hdr">
      <UniqueIdentifier>{d368f802-a22e-4d26-b404-d8ac7f2e3c6f}</UniqueIdentifier>
    </Filter>
    <Filter Include="core\src">
      <UniqueIdentifier>{34567deb-d5ab-4a56-8640-0aaec609521a}</UniqueIdentifier>
      <Extensions>cpp;c;cxx;rc;def;r;odl;idl;hpj;bat</Extensions>
    </Filter>
    <Filter Include="platform\src">
      <UniqueIdentifier>{f2b1325e-4ba0-4b57-96e0-1d7efdb5202e}</UniqueIdentifier>
    </Filter>
    <Filter Include="platform\hdr">
      <UniqueIdentifier>{60334d38-bc50-42e0-ba97-1a4decf36031}</UniqueIdentifier>
    </Filter>
    <Filter Include="platform\src\drivers">
      <UniqueIdentifier>{05a118be-6696-463e-aa30-ef0e8abd0420}</UniqueIdentifier>
    </Filter>
    <Filter Include="lib\mystdio">
      <UniqueIdentifier>{b3a612ac-b509-408a-b178-6e1a669e3387}</UniqueIdentifier>
    </Filter>
    <Filter Include="lib\AsciiLib">
      <UniqueIdentifier>{40da60e4-a95c-4b28-a919-9a1d6089d18e}</UniqueIdentifier>
    </Filter>
  </ItemGroup>
  <ItemGroup>
    <ClCompile Include="src\main.cpp">
      <Filter>platform\src</Filter>
    </ClCompile>
    <ClCompile Include="src\drivers\hardware.c">
      <Filter>platform\src\drivers</Filter>
    </ClCompile>
    <ClCompile Include="..\..\..\lib\mystdio\myprintf.c">
      <Filter>lib\mystdio</Filter>
    </ClCompile>
    <ClCompile Include="..\..\..\core\core_main.c">
      <Filter>core\src</Filter>
    </ClCompile>
    <ClCompile Include="..\..\..\lib\FreeRTOS\Source\croutine.c">
      <Filter>lib\FreeRTOS\Source</Filter>
    </ClCompile>
    <ClCompile Include="..\..\..\lib\FreeRTOS\Source\event_groups.c">
      <Filter>lib\FreeRTOS\Source</Filter>
    </ClCompile>
    <ClCompile Include="..\..\..\lib\FreeRTOS\Source\list.c">
      <Filter>lib\FreeRTOS\Source</Filter>
    </ClCompile>
    <ClCompile Include="..\..\..\lib\FreeRTOS\Source\queue.c">
      <Filter>lib\FreeRTOS\Source</Filter>
    </ClCompile>
    <ClCompile Include="..\..\..\lib\FreeRTOS\Source\tasks.c">
      <Filter>lib\FreeRTOS\Source</Filter>
    </ClCompile>
    <ClCompile Include="..\..\..\lib\FreeRTOS\Source\timers.c">
      <Filter>lib\FreeRTOS\Source</Filter>
    </ClCompile>
    <ClCompile Include="..\..\..\lib\FreeRTOS\Source\portable\MemMang\heap_5.c">
      <Filter>lib\FreeRTOS\Source\Portable</Filter>
    </ClCompile>
    <ClCompile Include="..\..\..\lib\FreeRTOS\Source\portable\MSVC-MingW\port.c">
      <Filter>lib\FreeRTOS\Source\Portable</Filter>
    </ClCompile>
    <ClCompile Include="..\..\..\core\display.c">
      <Filter>core\src</Filter>
    </ClCompile>
    <ClCompile Include="..\..\..\core\images.c">
      <Filter>core\src</Filter>
    </ClCompile>
    <ClCompile Include="..\..\..\lib\AsciiLib\AsciiLib.c">
      <Filter>lib\AsciiLib</Filter>
    </ClCompile>
  </ItemGroup>
  <ItemGroup>
    <ClInclude Include="hdr\FreeRTOSConfig.h">
      <Filter>platform\hdr</Filter>
    </ClInclude>
    <ClInclude Include="..\..\..\lib\mystdio\mystdio.h">
      <Filter>lib\mystdio</Filter>
    </ClInclude>
    <ClInclude Include="..\..\..\lib\FreeRTOS\Source\include\croutine.h">
      <Filter>lib\FreeRTOS\Include</Filter>
    </ClInclude>
    <ClInclude Include="..\..\..\lib\FreeRTOS\Source\include\event_groups.h">
      <Filter>lib\FreeRTOS\Include</Filter>
    </ClInclude>
    <ClInclude Include="..\..\..\lib\FreeRTOS\Source\include\FreeRTOS.h">
      <Filter>lib\FreeRTOS\Include</Filter>
    </ClInclude>
    <ClInclude Include="..\..\..\lib\FreeRTOS\Source\include\list.h">
      <Filter>lib\FreeRTOS\Include</Filter>
    </ClInclude>
    <ClInclude Include="..\..\..\lib\FreeRTOS\Source\include\portable.h">
      <Filter>lib\FreeRTOS\Include</Filter>
    </ClInclude>
    <ClInclude Include="..\..\..\lib\FreeRTOS\Source\portable\MSVC-MingW\portmacro.h">
      <Filter>lib\FreeRTOS\Include</Filter>
    </ClInclude>
    <ClInclude Include="..\..\..\lib\FreeRTOS\Source\include\projdefs.h">
      <Filter>lib\FreeRTOS\Include</Filter>
    </ClInclude>
    <ClInclude Include="..\..\..\lib\FreeRTOS\Source\include\queue.h">
      <Filter>lib\FreeRTOS\Include</Filter>
    </ClInclude>
    <ClInclude Include="..\..\..\lib\FreeRTOS\Source\include\semphr.h">
      <Filter>lib\FreeRTOS\Include</Filter>
    </ClInclude>
    <ClInclude Include="..\..\..\lib\FreeRTOS\Source\include\task.h">
      <Filter>lib\FreeRTOS\Include</Filter>
    </ClInclude>
    <ClInclude Include="..\..\..\lib\FreeRTOS\Source\include\timers.h">
      <Filter>lib\FreeRTOS\Include</Filter>
    </ClInclude>
    <ClInclude Include="..\..\..\core\ucrtos.h">
      <Filter>core\hdr</Filter>
    </ClInclude>
    <ClInclude Include="..\..\..\core\display.h">
      <Filter>core\hdr</Filter>
    </ClInclude>
    <ClInclude Include="..\..\..\core\images.h">
      <Filter>core\hdr</Filter>
    </ClInclude>
    <ClInclude Include="..\..\..\lib\AsciiLib\AsciiLib.h">
      <Filter>lib\AsciiLib</Filter>
    </ClInclude>
  </ItemGroup>
</Project>