<?xml version="1.0" encoding="utf-8"?>
<Project ToolsVersion="4.0" xmlns="http://schemas.microsoft.com/developer/msbuild/2003">
  <ItemGroup>
    <Filter Include="Resource Files">
      <UniqueIdentifier>{38712199-cebf-4124-bf15-398f7c3419ea}</UniqueIdentifier>
      <Extensions>ico;cur;bmp;dlg;rc2;rct;bin;rgs;gif;jpg;jpeg;jpe</Extensions>
    </Filter>
    <Filter Include="lib">
      <UniqueIdentifier>{2dff4165-7888-4d9d-bf0d-04006f8ce6f2}</UniqueIdentifier>
    </Filter>
    <Filter Include="lib\FreeRTOS">
      <UniqueIdentifier>{af3445a1-4908-4170-89ed-39345d90d30c}</UniqueIdentifier>
    </Filter>
    <Filter Include="lib\FreeRTOS\Source">
      <UniqueIdentifier>{f32be356-4763-4cae-9020-974a2638cb08}</UniqueIdentifier>
      <Extensions>*.c</Extensions>
    </Filter>
    <Filter Include="lib\FreeRTOS\Source\Portable">
      <UniqueIdentifier>{88f409e6-d396-4ac5-94bd-7a99c914be46}</UniqueIdentifier>
    </Filter>
    <Filter Include="lib\FreeRTOS\Include">
      <UniqueIdentifier>{a60060e3-3949-4f60-b025-cb84164ae9ed}</UniqueIdentifier>
    </Filter>
    <Filter Include="platform">
      <UniqueIdentifier>{73c60b4a-5dc1-4652-886d-4e15d01975bc}</UniqueIdentifier>
    </Filter>
    <Filter Include="core">
      <UniqueIdentifier>{98f048ea-d67d-4637-afec-d4c0f282771b}</UniqueIdentifier>
    </Filter>
    <Filter Include="core\hdr">
      <UniqueIdentifier>{d368f802-a22e-4d26-b404-d8ac7f2e3c6f}</UniqueIdentifier>
    </Filter>
    <Filter Include="core\src">
      <UniqueIdentifier>{34567deb-d5ab-4a56-8640-0aaec609521a}</UniqueIdentifier>
      <Extensions>cpp;c;cxx;rc;def;r;odl;idl;hpj;bat</Extensions>
    </Filter>
  </ItemGroup>
  <ItemGroup>
    <ClCompile Include="..\..\FreeRTOS\Source\list.c">
      <Filter>lib\FreeRTOS\Source</Filter>
    </ClCompile>
    <ClCompile Include="..\..\FreeRTOS\Source\queue.c">
      <Filter>lib\FreeRTOS\Source</Filter>
    </ClCompile>
    <ClCompile Include="..\..\FreeRTOS\Source\tasks.c">
      <Filter>lib\FreeRTOS\Source</Filter>
    </ClCompile>
    <ClCompile Include="..\..\FreeRTOS\Source\portable\MSVC-MingW\port.c">
      <Filter>lib\FreeRTOS\Source\Portable</Filter>
    </ClCompile>
    <ClCompile Include="..\..\FreeRTOS\Source\timers.c">
      <Filter>lib\FreeRTOS\Source</Filter>
    </ClCompile>
    <ClCompile Include="..\..\FreeRTOS\Source\event_groups.c">
      <Filter>lib\FreeRTOS\Source</Filter>
    </ClCompile>
    <ClCompile Include="..\..\FreeRTOS\Source\croutine.c">
      <Filter>lib\FreeRTOS\Source</Filter>
    </ClCompile>
    <ClCompile Include="..\..\FreeRTOS\Source\portable\MemMang\heap_5.c">
      <Filter>lib\FreeRTOS\Source</Filter>
    </ClCompile>
    <ClCompile Include="..\..\core\core_main.c">
      <Filter>core\src</Filter>
    </ClCompile>
    <ClCompile Include="main.cpp">
      <Filter>platform</Filter>
    </ClCompile>
  </ItemGroup>
  <ItemGroup>
    <ClInclude Include="..\..\FreeRTOS\Source\include\timers.h">
      <Filter>lib\FreeRTOS\Include</Filter>
    </ClInclude>
    <ClInclude Include="..\..\FreeRTOS\Source\include\croutine.h">
      <Filter>lib\FreeRTOS\Include</Filter>
    </ClInclude>
    <ClInclude Include="..\..\FreeRTOS\Source\include\event_groups.h">
      <Filter>lib\FreeRTOS\Include</Filter>
    </ClInclude>
    <ClInclude Include="..\..\FreeRTOS\Source\include\FreeRTOS.h">
      <Filter>lib\FreeRTOS\Include</Filter>
    </ClInclude>
    <ClInclude Include="..\..\FreeRTOS\Source\include\list.h">
      <Filter>lib\FreeRTOS\Include</Filter>
    </ClInclude>
    <ClInclude Include="..\..\FreeRTOS\Source\include\portable.h">
      <Filter>lib\FreeRTOS\Include</Filter>
    </ClInclude>
    <ClInclude Include="..\..\FreeRTOS\Source\include\projdefs.h">
      <Filter>lib\FreeRTOS\Include</Filter>
    </ClInclude>
    <ClInclude Include="..\..\FreeRTOS\Source\include\queue.h">
      <Filter>lib\FreeRTOS\Include</Filter>
    </ClInclude>
    <ClInclude Include="..\..\FreeRTOS\Source\include\semphr.h">
      <Filter>lib\FreeRTOS\Include</Filter>
    </ClInclude>
    <ClInclude Include="..\..\FreeRTOS\Source\include\task.h">
      <Filter>lib\FreeRTOS\Include</Filter>
    </ClInclude>
    <ClInclude Include="..\..\FreeRTOS\Source\portable\MSVC-MingW\portmacro.h">
      <Filter>lib\FreeRTOS\Source\Portable</Filter>
    </ClInclude>
    <ClInclude Include="FreeRTOSConfig.h">
      <Filter>platform</Filter>
    </ClInclude>
  </ItemGroup>
</Project>